
Microsoft Visual Studio Solution File, Format Version 12.00
# Visual Studio Version 16
VisualStudioVersion = 16.0.30406.217
MinimumVisualStudioVersion = 10.0.40219.1
Project("{FAE04EC0-301F-11D3-BF4B-00C04F79EFBC}") = "SyncService", "SyncService\SyncService.csproj", "{AF7A5A67-5C6F-4FEE-9F2C-A0C4715FCA01}"
EndProject
Global
	GlobalSection(SolutionConfigurationPlatforms) = preSolution
		Debug|Any CPU = Debug|Any CPU
		Release|Any CPU = Release|Any CPU
	EndGlobalSection
	GlobalSection(ProjectConfigurationPlatforms) = postSolution
		{AF7A5A67-5C6F-4FEE-9F2C-A0C4715FCA01}.Debug|Any CPU.ActiveCfg = Debug|Any CPU
		{AF7A5A67-5C6F-4FEE-9F2C-A0C4715FCA01}.Debug|Any CPU.Build.0 = Debug|Any CPU
		{AF7A5A67-5C6F-4FEE-9F2C-A0C4715FCA01}.Release|Any CPU.ActiveCfg = Release|Any CPU
		{AF7A5A67-5C6F-4FEE-9F2C-A0C4715FCA01}.Release|Any CPU.Build.0 = Release|Any CPU
	EndGlobalSection
	GlobalSection(SolutionProperties) = preSolution
		HideSolutionNode = FALSE
	EndGlobalSection
	GlobalSection(ExtensibilityGlobals) = postSolution
		SolutionGuid = {0E90301F-6271-442D-968F-4D45501B175E}
	EndGlobalSection
EndGlobal
